// !$*UTF8*$!
{
	archiveVersion = 1;
	classes = {
	};
	objectVersion = 50;
	objects = {

/* Begin PBXBuildFile section */
		81D2FFCD240BFCEA00CD107F /* AppDelegate.swift in Sources */ = {isa = PBXBuildFile; fileRef = 81D2FFCC240BFCEA00CD107F /* AppDelegate.swift */; };
		81D2FFCF240BFCEA00CD107F /* SceneDelegate.swift in Sources */ = {isa = PBXBuildFile; fileRef = 81D2FFCE240BFCEA00CD107F /* SceneDelegate.swift */; };
		81D2FFD1240BFCEA00CD107F /* ViewController.swift in Sources */ = {isa = PBXBuildFile; fileRef = 81D2FFD0240BFCEA00CD107F /* ViewController.swift */; };
		81D2FFD4240BFCEA00CD107F /* Main.storyboard in Resources */ = {isa = PBXBuildFile; fileRef = 81D2FFD2240BFCEA00CD107F /* Main.storyboard */; };
		81D2FFD6240BFCF000CD107F /* Assets.xcassets in Resources */ = {isa = PBXBuildFile; fileRef = 81D2FFD5240BFCF000CD107F /* Assets.xcassets */; };
		81D2FFD9240BFCF000CD107F /* LaunchScreen.storyboard in Resources */ = {isa = PBXBuildFile; fileRef = 81D2FFD7240BFCF000CD107F /* LaunchScreen.storyboard */; };
		81D2FFE1240C01C900CD107F /* Quizzler.swift in Sources */ = {isa = PBXBuildFile; fileRef = 81D2FFE0240C01C900CD107F /* Quizzler.swift */; };
/* End PBXBuildFile section */

/* Begin PBXFileReference section */
		81D2FFC9240BFCEA00CD107F /* I160246 Quizzler.app */ = {isa = PBXFileReference; explicitFileType = wrapper.application; includeInIndex = 0; path = "I160246 Quizzler.app"; sourceTree = BUILT_PRODUCTS_DIR; };
		81D2FFCC240BFCEA00CD107F /* AppDelegate.swift */ = {isa = PBXFileReference; lastKnownFileType = sourcecode.swift; path = AppDelegate.swift; sourceTree = "<group>"; };
		81D2FFCE240BFCEA00CD107F /* SceneDelegate.swift */ = {isa = PBXFileReference; lastKnownFileType = sourcecode.swift; path = SceneDelegate.swift; sourceTree = "<group>"; };
		81D2FFD0240BFCEA00CD107F /* ViewController.swift */ = {isa = PBXFileReference; lastKnownFileType = sourcecode.swift; path = ViewController.swift; sourceTree = "<group>"; };
		81D2FFD3240BFCEA00CD107F /* Base */ = {isa = PBXFileReference; lastKnownFileType = file.storyboard; name = Base; path = Base.lproj/Main.storyboard; sourceTree = "<group>"; };
		81D2FFD5240BFCF000CD107F /* Assets.xcassets */ = {isa = PBXFileReference; lastKnownFileType = folder.assetcatalog; path = Assets.xcassets; sourceTree = "<group>"; };
		81D2FFD8240BFCF000CD107F /* Base */ = {isa = PBXFileReference; lastKnownFileType = file.storyboard; name = Base; path = Base.lproj/LaunchScreen.storyboard; sourceTree = "<group>"; };
		81D2FFDA240BFCF000CD107F /* Info.plist */ = {isa = PBXFileReference; lastKnownFileType = text.plist.xml; path = Info.plist; sourceTree = "<group>"; };
		81D2FFE0240C01C900CD107F /* Quizzler.swift */ = {isa = PBXFileReference; lastKnownFileType = sourcecode.swift; path = Quizzler.swift; sourceTree = "<group>"; };
/* End PBXFileReference section */

/* Begin PBXFrameworksBuildPhase section */
		81D2FFC6240BFCEA00CD107F /* Frameworks */ = {
			isa = PBXFrameworksBuildPhase;
			buildActionMask = 2147483647;
			files = (
			);
			runOnlyForDeploymentPostprocessing = 0;
		};
/* End PBXFrameworksBuildPhase section */

/* Begin PBXGroup section */
		81D2FFC0240BFCEA00CD107F = {
			isa = PBXGroup;
			children = (
				81D2FFCB240BFCEA00CD107F /* I160246 Quizzler */,
				81D2FFCA240BFCEA00CD107F /* Products */,
			);
			sourceTree = "<group>";
		};
		81D2FFCA240BFCEA00CD107F /* Products */ = {
			isa = PBXGroup;
			children = (
				81D2FFC9240BFCEA00CD107F /* I160246 Quizzler.app */,
			);
			name = Products;
			sourceTree = "<group>";
		};
		81D2FFCB240BFCEA00CD107F /* I160246 Quizzler */ = {
			isa = PBXGroup;
			children = (
				81D2FFCC240BFCEA00CD107F /* AppDelegate.swift */,
				81D2FFCE240BFCEA00CD107F /* SceneDelegate.swift */,
				81D2FFD0240BFCEA00CD107F /* ViewController.swift */,
				81D2FFE0240C01C900CD107F /* Quizzler.swift */,
				81D2FFD2240BFCEA00CD107F /* Main.storyboard */,
				81D2FFD5240BFCF000CD107F /* Assets.xcassets */,
				81D2FFD7240BFCF000CD107F /* LaunchScreen.storyboard */,
				81D2FFDA240BFCF000CD107F /* Info.plist */,
			);
			path = "I160246 Quizzler";
			sourceTree = "<group>";
		};
/* End PBXGroup section */

/* Begin PBXNativeTarget section */
		81D2FFC8240BFCEA00CD107F /* I160246 Quizzler */ = {
			isa = PBXNativeTarget;
			buildConfigurationList = 81D2FFDD240BFCF000CD107F /* Build configuration list for PBXNativeTarget "I160246 Quizzler" */;
			buildPhases = (
				81D2FFC5240BFCEA00CD107F /* Sources */,
				81D2FFC6240BFCEA00CD107F /* Frameworks */,
				81D2FFC7240BFCEA00CD107F /* Resources */,
			);
			buildRules = (
			);
			dependencies = (
			);
			name = "I160246 Quizzler";
			productName = "I160246 Quizzler";
			productReference = 81D2FFC9240BFCEA00CD107F /* I160246 Quizzler.app */;
			productType = "com.apple.product-type.application";
		};
/* End PBXNativeTarget section */

/* Begin PBXProject section */
		81D2FFC1240BFCEA00CD107F /* Project object */ = {
			isa = PBXProject;
			attributes = {
				LastSwiftUpdateCheck = 1130;
				LastUpgradeCheck = 1130;
				ORGANIZATIONNAME = Talha;
				TargetAttributes = {
					81D2FFC8240BFCEA00CD107F = {
						CreatedOnToolsVersion = 11.3.1;
					};
				};
			};
			buildConfigurationList = 81D2FFC4240BFCEA00CD107F /* Build configuration list for PBXProject "I160246 Quizzler" */;
			compatibilityVersion = "Xcode 9.3";
			developmentRegion = en;
			hasScannedForEncodings = 0;
			knownRegions = (
				en,
				Base,
			);
			mainGroup = 81D2FFC0240BFCEA00CD107F;
			productRefGroup = 81D2FFCA240BFCEA00CD107F /* Products */;
			projectDirPath = "";
			projectRoot = "";
			targets = (
				81D2FFC8240BFCEA00CD107F /* I160246 Quizzler */,
			);
		};
/* End PBXProject section */

/* Begin PBXResourcesBuildPhase section */
		81D2FFC7240BFCEA00CD107F /* Resources */ = {
			isa = PBXResourcesBuildPhase;
			buildActionMask = 2147483647;
			files = (
				81D2FFD9240BFCF000CD107F /* LaunchScreen.storyboard in Resources */,
				81D2FFD6240BFCF000CD107F /* Assets.xcassets in Resources */,
				81D2FFD4240BFCEA00CD107F /* Main.storyboard in Resources */,
			);
			runOnlyForDeploymentPostprocessing = 0;
		};
/* End PBXResourcesBuildPhase section */

/* Begin PBXSourcesBuildPhase section */
		81D2FFC5240BFCEA00CD107F /* Sources */ = {
			isa = PBXSourcesBuildPhase;
			buildActionMask = 2147483647;
			files = (
				81D2FFD1240BFCEA00CD107F /* ViewController.swift in Sources */,
				81D2FFE1240C01C900CD107F /* Quizzler.swift in Sources */,
				81D2FFCD240BFCEA00CD107F /* AppDelegate.swift in Sources */,
				81D2FFCF240BFCEA00CD107F /* SceneDelegate.swift in Sources */,
			);
			runOnlyForDeploymentPostprocessing = 0;
		};
/* End PBXSourcesBuildPhase section */

/* Begin PBXVariantGroup section */
		81D2FFD2240BFCEA00CD107F /* Main.storyboard */ = {
			isa = PBXVariantGroup;
			children = (
				81D2FFD3240BFCEA00CD107F /* Base */,
			);
			name = Main.storyboard;
			sourceTree = "<group>";
		};
		81D2FFD7240BFCF000CD107F /* LaunchScreen.storyboard */ = {
			isa = PBXVariantGroup;
			children = (
				81D2FFD8240BFCF000CD107F /* Base */,
			);
			name = LaunchScreen.storyboard;
			sourceTree = "<group>";
		};
/* End PBXVariantGroup section */

/* Begin XCBuildConfiguration section */
		81D2FFDB240BFCF000CD107F /* Debug */ = {
			isa = XCBuildConfiguration;
			buildSettings = {
				ALWAYS_SEARCH_USER_PATHS = NO;
				CLANG_ANALYZER_NONNULL = YES;
				CLANG_ANALYZER_NUMBER_OBJECT_CONVERSION = YES_AGGRESSIVE;
				CLANG_CXX_LANGUAGE_STANDARD = "gnu++14";
				CLANG_CXX_LIBRARY = "libc++";
				CLANG_ENABLE_MODULES = YES;
				CLANG_ENABLE_OBJC_ARC = YES;
				CLANG_ENABLE_OBJC_WEAK = YES;
				CLANG_WARN_BLOCK_CAPTURE_AUTORELEASING = YES;
				CLANG_WARN_BOOL_CONVERSION = YES;
				CLANG_WARN_COMMA = YES;
				CLANG_WARN_CONSTANT_CONVERSION = YES;
				CLANG_WARN_DEPRECATED_OBJC_IMPLEMENTATIONS = YES;
				CLANG_WARN_DIRECT_OBJC_ISA_USAGE = YES_ERROR;
				CLANG_WARN_DOCUMENTATION_COMMENTS = YES;
				CLANG_WARN_EMPTY_BODY = YES;
				CLANG_WARN_ENUM_CONVERSION = YES;
				CLANG_WARN_INFINITE_RECURSION = YES;
				CLANG_WARN_INT_CONVERSION = YES;
				CLANG_WARN_NON_LITERAL_NULL_CONVERSION = YES;
				CLANG_WARN_OBJC_IMPLICIT_RETAIN_SELF = YES;
				CLANG_WARN_OBJC_LITERAL_CONVERSION = YES;
				CLANG_WARN_OBJC_ROOT_CLASS = YES_ERROR;
				CLANG_WARN_RANGE_LOOP_ANALYSIS = YES;
				CLANG_WARN_STRICT_PROTOTYPES = YES;
				CLANG_WARN_SUSPICIOUS_MOVE = YES;
				CLANG_WARN_UNGUARDED_AVAILABILITY = YES_AGGRESSIVE;
				CLANG_WARN_UNREACHABLE_CODE = YES;
				CLANG_WARN__DUPLICATE_METHOD_MATCH = YES;
				COPY_PHASE_STRIP = NO;
				DEBUG_INFORMATION_FORMAT = dwarf;
				ENABLE_STRICT_OBJC_MSGSEND = YES;
				ENABLE_TESTABILITY = YES;
				GCC_C_LANGUAGE_STANDARD = gnu11;
				GCC_DYNAMIC_NO_PIC = NO;
				GCC_NO_COMMON_BLOCKS = YES;
				GCC_OPTIMIZATION_LEVEL = 0;
				GCC_PREPROCESSOR_DEFINITIONS = (
					"DEBUG=1",
					"$(inherited)",
				);
				GCC_WARN_64_TO_32_BIT_CONVERSION = YES;
				GCC_WARN_ABOUT_RETURN_TYPE = YES_ERROR;
				GCC_WARN_UNDECLARED_SELECTOR = YES;
				GCC_WARN_UNINITIALIZED_AUTOS = YES_AGGRESSIVE;
				GCC_WARN_UNUSED_FUNCTION = YES;
				GCC_WARN_UNUSED_VARIABLE = YES;
				IPHONEOS_DEPLOYMENT_TARGET = 13.2;
				MTL_ENABLE_DEBUG_INFO = INCLUDE_SOURCE;
				MTL_FAST_MATH = YES;
				ONLY_ACTIVE_ARCH = YES;
				SDKROOT = iphoneos;
				SWIFT_ACTIVE_COMPILATION_CONDITIONS = DEBUG;
				SWIFT_OPTIMIZATION_LEVEL = "-Onone";
			};
			name = Debug;
		};
		81D2FFDC240BFCF000CD107F /* Release */ = {
			isa = XCBuildConfiguration;
			buildSettings = {
				ALWAYS_SEARCH_USER_PATHS = NO;
				CLANG_ANALYZER_NONNULL = YES;
				CLANG_ANALYZER_NUMBER_OBJECT_CONVERSION = YES_AGGRESSIVE;
				CLANG_CXX_LANGUAGE_STANDARD = "gnu++14";
				CLANG_CXX_LIBRARY = "libc++";
				CLANG_ENABLE_MODULES = YES;
				CLANG_ENABLE_OBJC_ARC = YES;
				CLANG_ENABLE_OBJC_WEAK = YES;
				CLANG_WARN_BLOCK_CAPTURE_AUTORELEASING = YES;
				CLANG_WARN_BOOL_CONVERSION = YES;
				CLANG_WARN_COMMA = YES;
				CLANG_WARN_CONSTANT_CONVERSION = YES;
				CLANG_WARN_DEPRECATED_OBJC_IMPLEMENTATIONS = YES;
				CLANG_WARN_DIRECT_OBJC_ISA_USAGE = YES_ERROR;
				CLANG_WARN_DOCUMENTATION_COMMENTS = YES;
				CLANG_WARN_EMPTY_BODY = YES;
				CLANG_WARN_ENUM_CONVERSION = YES;
				CLANG_WARN_INFINITE_RECURSION = YES;
				CLANG_WARN_INT_CONVERSION = YES;
				CLANG_WARN_NON_LITERAL_NULL_CONVERSION = YES;
				CLANG_WARN_OBJC_IMPLICIT_RETAIN_SELF = YES;
				CLANG_WARN_OBJC_LITERAL_CONVERSION = YES;
				CLANG_WARN_OBJC_ROOT_CLASS = YES_ERROR;
				CLANG_WARN_RANGE_LOOP_ANALYSIS = YES;
				CLANG_WARN_STRICT_PROTOTYPES = YES;
				CLANG_WARN_SUSPICIOUS_MOVE = YES;
				CLANG_WARN_UNGUARDED_AVAILABILITY = YES_AGGRESSIVE;
				CLANG_WARN_UNREACHABLE_CODE = YES;
				CLANG_WARN__DUPLICATE_METHOD_MATCH = YES;
				COPY_PHASE_STRIP = NO;
				DEBUG_INFORMATION_FORMAT = "dwarf-with-dsym";
				ENABLE_NS_ASSERTIONS = NO;
				ENABLE_STRICT_OBJC_MSGSEND = YES;
				GCC_C_LANGUAGE_STANDARD = gnu11;
				GCC_NO_COMMON_BLOCKS = YES;
				GCC_WARN_64_TO_32_BIT_CONVERSION = YES;
				GCC_WARN_ABOUT_RETURN_TYPE = YES_ERROR;
				GCC_WARN_UNDECLARED_SELECTOR = YES;
				GCC_WARN_UNINITIALIZED_AUTOS = YES_AGGRESSIVE;
				GCC_WARN_UNUSED_FUNCTION = YES;
				GCC_WARN_UNUSED_VARIABLE = YES;
				IPHONEOS_DEPLOYMENT_TARGET = 13.2;
				MTL_ENABLE_DEBUG_INFO = NO;
				MTL_FAST_MATH = YES;
				SDKROOT = iphoneos;
				SWIFT_COMPILATION_MODE = wholemodule;
				SWIFT_OPTIMIZATION_LEVEL = "-O";
				VALIDATE_PRODUCT = YES;
			};
			name = Release;
		};
		81D2FFDE240BFCF000CD107F /* Debug */ = {
			isa = XCBuildConfiguration;
			buildSettings = {
				ASSETCATALOG_COMPILER_APPICON_NAME = AppIcon;
				CODE_SIGN_STYLE = Automatic;
				INFOPLIST_FILE = "I160246 Quizzler/Info.plist";
				LD_RUNPATH_SEARCH_PATHS = (
					"$(inherited)",
					"@executable_path/Frameworks",
				);
				PRODUCT_BUNDLE_IDENTIFIER = "com.talha.I160246-Quizzler";
				PRODUCT_NAME = "$(TARGET_NAME)";
				SWIFT_VERSION = 5.0;
				TARGETED_DEVICE_FAMILY = "1,2";
			};
			name = Debug;
		};
		81D2FFDF240BFCF000CD107F /* Release */ = {
			isa = XCBuildConfiguration;
			buildSettings = {
				ASSETCATALOG_COMPILER_APPICON_NAME = AppIcon;
				CODE_SIGN_STYLE = Automatic;
				INFOPLIST_FILE = "I160246 Quizzler/Info.plist";
				LD_RUNPATH_SEARCH_PATHS = (
					"$(inherited)",
					"@executable_path/Frameworks",
				);
				PRODUCT_BUNDLE_IDENTIFIER = "com.talha.I160246-Quizzler";
				PRODUCT_NAME = "$(TARGET_NAME)";
				SWIFT_VERSION = 5.0;
				TARGETED_DEVICE_FAMILY = "1,2";
			};
			name = Release;
		};
/* End XCBuildConfiguration section */

/* Begin XCConfigurationList section */
		81D2FFC4240BFCEA00CD107F /* Build configuration list for PBXProject "I160246 Quizzler" */ = {
			isa = XCConfigurationList;
			buildConfigurations = (
				81D2FFDB240BFCF000CD107F /* Debug */,
				81D2FFDC240BFCF000CD107F /* Release */,
			);
			defaultConfigurationIsVisible = 0;
			defaultConfigurationName = Release;
		};
		81D2FFDD240BFCF000CD107F /* Build configuration list for PBXNativeTarget "I160246 Quizzler" */ = {
			isa = XCConfigurationList;
			buildConfigurations = (
				81D2FFDE240BFCF000CD107F /* Debug */,
				81D2FFDF240BFCF000CD107F /* Release */,
			);
			defaultConfigurationIsVisible = 0;
			defaultConfigurationName = Release;
		};
/* End XCConfigurationList section */
	};
	rootObject = 81D2FFC1240BFCEA00CD107F /* Project object */;
}
